<?xml version="1.0" encoding="utf-8"?>
<Project ToolsVersion="4.0" xmlns="http://schemas.microsoft.com/developer/msbuild/2003">
  <ItemGroup>
    <Filter Include="Source Files">
      <UniqueIdentifier>{6322E549-17A4-4528-A7AD-74649FF6C1E7}</UniqueIdentifier>
    </Filter>
  </ItemGroup>
  <ItemGroup>
    <ClCompile Include="sgBase\image.cpp" />
    <ClCompile Include="sgBase\camera_3d.cpp" />
    <ClCompile Include="sgMain\3d\transformation_3d.cpp" />
    <ClCompile Include="sgMain\3d\fit_line_3d.cpp" />
    <ClCompile Include="sgExecution\segmentation_3d.cpp" />
    <ClCompile Include="sgExecution\contour_fitting_3d.cpp" />
    <ClCompile Include="sgExecution\image_preprocessing_2d.cpp" />
    <ClCompile Include="sgMain\2d\contour_2d.cpp" />
    <ClCompile Include="sgMain\3d\contour_3d.cpp" />
    <ClCompile Include="sgMain\3d\fit_line_3d\fit_line_3d_minimum_variance.cpp" />
    <ClCompile Include="sgMain\3d\fit_line_3d\fit_line_3d_begin_end_point_averaging.cpp" />
    <ClCompile Include="sgMain\3d\fit_line_3d\fit_line_3d_least_squares.cpp" />
    <ClCompile Include="SegmentationDemo.cpp" />
    <ClCompile Include="sgMain\ransac.cpp" />
    <ClCompile Include="sgBase\geometrics\line_3d.cpp" />
    <ClCompile Include="sgBase\geometrics\point_cloud.cpp" />
    <ClCompile Include="sgBase\geometrics\quadtree.cpp" />
    <ClCompile Include="sgBase\misc\color.cpp" />
    <ClCompile Include="sgBase\misc\math_statistics.cpp" />
    <ClCompile Include="sgMain\2d\edge_detection_2d.cpp" />
    <ClCompile Include="sgExecution\find_contours_2d.cpp" />
    <ClCompile Include="sgBase\visualization_3d.cpp" />
    <ClCompile Include="sgBase\misc\histogram.cpp" />
  </ItemGroup>
  <ItemGroup>
    <ClInclude Include="sgBase\point.h" />
    <ClInclude Include="sgBase\image.h" />
    <ClInclude Include="sgBase\camera_3d.h" />
    <ClInclude Include="sgBase\visualization_3d.h" />
    <ClInclude Include="sgMain\3d\fit_line_3d.h" />
    <ClInclude Include="sgExecution\segmentation_3d.h" />
    <ClInclude Include="sgExecution\contour_fitting_3d.h" />
    <ClInclude Include="sgExecution\image_preprocessing_2d.h" />
    <ClInclude Include="sgMain\2d\contour_2d.h" />
    <ClInclude Include="sgMain\3d\contour_3d.h" />
    <ClInclude Include="sgMain\2d\image_proc_2d.h" />
    <ClInclude Include="sgMain\3d\transformation_3d.h" />
    <ClInclude Include="sgMain\3d\fit_line_3d\fit_line_3d_minimum_variance.h" />
    <ClInclude Include="sgMain\3d\fit_line_3d\fit_line_3d_least_squares.h" />
    <ClInclude Include="sgMain\3d\fit_line_3d\fit_line_3d_begin_end_point_averaging.h" />
    <ClInclude Include="sgMain\ransac.h" />
    <ClInclude Include="sgBase\geometrics\line_3d.h" />
    <ClInclude Include="sgBase\geometrics\point_cloud.h" />
    <ClInclude Include="sgBase\geometrics\quadtree.h" />
    <ClInclude Include="sgBase\misc\color.h" />
    <ClInclude Include="sgBase\misc\math_statistics.h" />
    <ClInclude Include="sgBase\misc\misc.h" />
    <ClInclude Include="sgMain\2d\edge_detection_2d.h" />
    <ClInclude Include="sgExecution\find_contours_2d.h" />
    <ClInclude Include="sgBase\misc\histogram.h" />
  </ItemGroup>
</Project>